
Microsoft Visual Studio Solution File, Format Version 12.00
# Visual Studio Version 16
VisualStudioVersion = 16.0.32002.261
MinimumVisualStudioVersion = 10.0.40219.1
Project("{FAE04EC0-301F-11D3-BF4B-00C04F79EFBC}") = "SecOcr", "SecOcr.csproj", "{68724E3A-1A31-4CBD-964F-9D11FA739D03}"
EndProject
Global
	GlobalSection(SolutionConfigurationPlatforms) = preSolution
		Debug|Any CPU = Debug|Any CPU
		Debug|x64 = Debug|x64
		Release|Any CPU = Release|Any CPU
		Release|x64 = Release|x64
	EndGlobalSection
	GlobalSection(ProjectConfigurationPlatforms) = postSolution
		{68724E3A-1A31-4CBD-964F-9D11FA739D03}.Debug|Any CPU.ActiveCfg = Debug|Any CPU
		{68724E3A-1A31-4CBD-964F-9D11FA739D03}.Debug|Any CPU.Build.0 = Debug|Any CPU
		{68724E3A-1A31-4CBD-964F-9D11FA739D03}.Debug|x64.ActiveCfg = Debug|x64
		{68724E3A-1A31-4CBD-964F-9D11FA739D03}.Debug|x64.Build.0 = Debug|x64
		{68724E3A-1A31-4CBD-964F-9D11FA739D03}.Release|Any CPU.ActiveCfg = Release|Any CPU
		{68724E3A-1A31-4CBD-964F-9D11FA739D03}.Release|Any CPU.Build.0 = Release|Any CPU
		{68724E3A-1A31-4CBD-964F-9D11FA739D03}.Release|x64.ActiveCfg = Release|x64
		{68724E3A-1A31-4CBD-964F-9D11FA739D03}.Release|x64.Build.0 = Release|x64
	EndGlobalSection
	GlobalSection(SolutionProperties) = preSolution
		HideSolutionNode = FALSE
	EndGlobalSection
	GlobalSection(ExtensibilityGlobals) = postSolution
		SolutionGuid = {DFE59153-332B-4CFB-8D5D-586A81BA6E1E}
	EndGlobalSection
EndGlobal
